// !$*UTF8*$!
{
	archiveVersion = 1;
	classes = {
	};
	objectVersion = 46;
	objects = {

/* Begin PBXBuildFile section */
		3201088596B4756681693705 /* libThree20UICommon.a in Frameworks */ = {isa = PBXBuildFile; fileRef = 3201088596B4756681693704 /* libThree20UICommon.a */; };
		320A2827FEC940B25BC42C65 /* libThree20Core.a in Frameworks */ = {isa = PBXBuildFile; fileRef = 320A2827FEC940B25BC42C64 /* libThree20Core.a */; };
		320A5A189C235877202780D5 /* libThree20Network.a in Frameworks */ = {isa = PBXBuildFile; fileRef = 320A5A189C235877202780D4 /* libThree20Network.a */; };
		320A737074758E53BA54BE95 /* libThree20UINavigator.a in Frameworks */ = {isa = PBXBuildFile; fileRef = 320A737074758E53BA54BE94 /* libThree20UINavigator.a */; };
		320AF8492C47A4D819F7C451 /* QuartzCore.framework in Frameworks */ = {isa = PBXBuildFile; fileRef = 320AF8492C47A4D819F7C450 /* QuartzCore.framework */; };
		320B6C86F11D9990244A9731 /* Three20.bundle in Resources */ = {isa = PBXBuildFile; fileRef = 320B6C86F11D9990244A9730 /* Three20.bundle */; };
		320CC833B8AF0ACFD35E6225 /* libThree20Style.a in Frameworks */ = {isa = PBXBuildFile; fileRef = 320CC833B8AF0ACFD35E6224 /* libThree20Style.a */; };
		320D7DCCE32703ACAB9A45E5 /* libThree20.a in Frameworks */ = {isa = PBXBuildFile; fileRef = 320D7DCCE32703ACAB9A45E4 /* libThree20.a */; };
		320F2C48872C2E2C4DF86205 /* libThree20UI.a in Frameworks */ = {isa = PBXBuildFile; fileRef = 320F2C48872C2E2C4DF86204 /* libThree20UI.a */; };
		D22AFB2F138269FE005AACFE /* BLStylesheet.m in Sources */ = {isa = PBXBuildFile; fileRef = D22AFB2E138269FE005AACFE /* BLStylesheet.m */; };
		D22AFB321382739C005AACFE /* centerbuttonon.png in Resources */ = {isa = PBXBuildFile; fileRef = D22AFB301382739C005AACFE /* centerbuttonon.png */; };
		D22AFB331382739C005AACFE /* centerbuttonon@2x.png in Resources */ = {isa = PBXBuildFile; fileRef = D22AFB311382739C005AACFE /* centerbuttonon@2x.png */; };
		D22AFB361382754A005AACFE /* ix.png in Resources */ = {isa = PBXBuildFile; fileRef = D22AFB341382754A005AACFE /* ix.png */; };
		D22AFB371382754A005AACFE /* ix@2x.png in Resources */ = {isa = PBXBuildFile; fileRef = D22AFB351382754A005AACFE /* ix@2x.png */; };
		D22AFB3A1382760F005AACFE /* idroid.png in Resources */ = {isa = PBXBuildFile; fileRef = D22AFB381382760F005AACFE /* idroid.png */; };
		D22AFB3B1382760F005AACFE /* idroid@2x.png in Resources */ = {isa = PBXBuildFile; fileRef = D22AFB391382760F005AACFE /* idroid@2x.png */; };
		D22AFB3E1382817C005AACFE /* 158-wrench-2.png in Resources */ = {isa = PBXBuildFile; fileRef = D22AFB3C1382817C005AACFE /* 158-wrench-2.png */; };
		D22AFB3F1382817C005AACFE /* 158-wrench-2@2x.png in Resources */ = {isa = PBXBuildFile; fileRef = D22AFB3D1382817C005AACFE /* 158-wrench-2@2x.png */; };
		D22AFB43138282BF005AACFE /* FeedModel.m in Sources */ = {isa = PBXBuildFile; fileRef = D22AFB42138282BF005AACFE /* FeedModel.m */; };
		D22AFB471382831C005AACFE /* FeedItem.m in Sources */ = {isa = PBXBuildFile; fileRef = D22AFB461382831C005AACFE /* FeedItem.m */; };
		D22AFB4B13828339005AACFE /* NewsDataSource.m in Sources */ = {isa = PBXBuildFile; fileRef = D22AFB4A13828339005AACFE /* NewsDataSource.m */; };
		D22AFB4E138283B9005AACFE /* TTTableViewDelegate+URLAdditions.m in Sources */ = {isa = PBXBuildFile; fileRef = D22AFB4D138283B9005AACFE /* TTTableViewDelegate+URLAdditions.m */; };
		D23238F21382B67200330569 /* BLWebController.m in Sources */ = {isa = PBXBuildFile; fileRef = D23238F11382B67200330569 /* BLWebController.m */; };
		D255F6DC1382863900B2682B /* libextThree20XML.a in Frameworks */ = {isa = PBXBuildFile; fileRef = D255F6DB1382863900B2682B /* libextThree20XML.a */; };
		D261DEDC1381ABC400E70E49 /* TabBarController.m in Sources */ = {isa = PBXBuildFile; fileRef = D261DEDB1381ABC400E70E49 /* TabBarController.m */; };
		D261DEF71381AF5600E70E49 /* InstallListController.m in Sources */ = {isa = PBXBuildFile; fileRef = D261DEF61381AF5600E70E49 /* InstallListController.m */; };
		D261DEFB1381B1EA00E70E49 /* QuickBootController.m in Sources */ = {isa = PBXBuildFile; fileRef = D261DEFA1381B1EA00E70E49 /* QuickBootController.m */; };
		D261DEFF1381B34E00E70E49 /* 191-collection.png in Resources */ = {isa = PBXBuildFile; fileRef = D261DEFD1381B34E00E70E49 /* 191-collection.png */; };
		D261DF001381B34E00E70E49 /* 191-collection@2x.png in Resources */ = {isa = PBXBuildFile; fileRef = D261DEFE1381B34E00E70E49 /* 191-collection@2x.png */; };
		D261DF0D1381BBB700E70E49 /* SettingsController.m in Sources */ = {isa = PBXBuildFile; fileRef = D261DF0C1381BBB700E70E49 /* SettingsController.m */; };
		D261DF141381BCF500E70E49 /* centerbutton.png in Resources */ = {isa = PBXBuildFile; fileRef = D261DF121381BCF500E70E49 /* centerbutton.png */; };
		D261DF151381BCF500E70E49 /* centerbutton@2x.png in Resources */ = {isa = PBXBuildFile; fileRef = D261DF131381BCF500E70E49 /* centerbutton@2x.png */; };
		D270EAF41383099E003DC39F /* PackagesDataSource.m in Sources */ = {isa = PBXBuildFile; fileRef = D270EAF31383099E003DC39F /* PackagesDataSource.m */; };
		D2CD97DD13828C5D0028979F /* FeedItemController.m in Sources */ = {isa = PBXBuildFile; fileRef = D2CD97DC13828C5D0028979F /* FeedItemController.m */; };
		D2F9A2861381A07B00D6CAF8 /* UIKit.framework in Frameworks */ = {isa = PBXBuildFile; fileRef = D2F9A2851381A07B00D6CAF8 /* UIKit.framework */; };
		D2F9A2881381A07B00D6CAF8 /* Foundation.framework in Frameworks */ = {isa = PBXBuildFile; fileRef = D2F9A2871381A07B00D6CAF8 /* Foundation.framework */; };
		D2F9A28A1381A07B00D6CAF8 /* CoreGraphics.framework in Frameworks */ = {isa = PBXBuildFile; fileRef = D2F9A2891381A07B00D6CAF8 /* CoreGraphics.framework */; };
		D2F9A2901381A07B00D6CAF8 /* InfoPlist.strings in Resources */ = {isa = PBXBuildFile; fileRef = D2F9A28E1381A07B00D6CAF8 /* InfoPlist.strings */; };
		D2F9A2931381A07B00D6CAF8 /* main.m in Sources */ = {isa = PBXBuildFile; fileRef = D2F9A2921381A07B00D6CAF8 /* main.m */; };
		D2F9A2961381A07B00D6CAF8 /* BootlaceAppDelegate.m in Sources */ = {isa = PBXBuildFile; fileRef = D2F9A2951381A07B00D6CAF8 /* BootlaceAppDelegate.m */; };
		D7E476D21382ADA3004C0072 /* BLGlobals.m in Sources */ = {isa = PBXBuildFile; fileRef = D7E476D11382ADA3004C0072 /* BLGlobals.m */; };
		D7FB0CE31382BCA00008DA54 /* BLUtilities.m in Sources */ = {isa = PBXBuildFile; fileRef = D7FB0CE21382BCA00008DA54 /* BLUtilities.m */; };
		D7FB0DC11382DB6D0008DA54 /* IOKit in Frameworks */ = {isa = PBXBuildFile; fileRef = D7FB0DC01382DB6D0008DA54 /* IOKit */; };
/* End PBXBuildFile section */

/* Begin PBXContainerItemProxy section */
		3201088596B4756681693706 /* PBXContainerItemProxy */ = {
			isa = PBXContainerItemProxy;
			containerPortal = 3201088596B4756681693700 /* Three20UICommon.xcodeproj */;
			proxyType = 2;
			remoteGlobalIDString = BEF31F3A0F352DF5000DE5D2;
			remoteInfo = Three20UICommon;
		};
		320A2827FEC940B25BC42C66 /* PBXContainerItemProxy */ = {
			isa = PBXContainerItemProxy;
			containerPortal = 320A2827FEC940B25BC42C60 /* Three20Core.xcodeproj */;
			proxyType = 2;
			remoteGlobalIDString = BEF31F3A0F352DF5000DE5D2;
			remoteInfo = Three20Core;
		};
		320A5A189C235877202780D6 /* PBXContainerItemProxy */ = {
			isa = PBXContainerItemProxy;
			containerPortal = 320A5A189C235877202780D0 /* Three20Network.xcodeproj */;
			proxyType = 2;
			remoteGlobalIDString = BEF31F3A0F352DF5000DE5D2;
			remoteInfo = Three20Network;
		};
		320A737074758E53BA54BE96 /* PBXContainerItemProxy */ = {
			isa = PBXContainerItemProxy;
			containerPortal = 320A737074758E53BA54BE90 /* Three20UINavigator.xcodeproj */;
			proxyType = 2;
			remoteGlobalIDString = BEF31F3A0F352DF5000DE5D2;
			remoteInfo = Three20UINavigator;
		};
		320CC833B8AF0ACFD35E6226 /* PBXContainerItemProxy */ = {
			isa = PBXContainerItemProxy;
			containerPortal = 320CC833B8AF0ACFD35E6220 /* Three20Style.xcodeproj */;
			proxyType = 2;
			remoteGlobalIDString = BEF31F3A0F352DF5000DE5D2;
			remoteInfo = Three20Style;
		};
		320D7DCCE32703ACAB9A45E6 /* PBXContainerItemProxy */ = {
			isa = PBXContainerItemProxy;
			containerPortal = 320D7DCCE32703ACAB9A45E0 /* Three20.xcodeproj */;
			proxyType = 2;
			remoteGlobalIDString = BEF31F3A0F352DF5000DE5D2;
			remoteInfo = Three20;
		};
		320F2C48872C2E2C4DF86206 /* PBXContainerItemProxy */ = {
			isa = PBXContainerItemProxy;
			containerPortal = 320F2C48872C2E2C4DF86200 /* Three20UI.xcodeproj */;
			proxyType = 2;
			remoteGlobalIDString = BEF31F3A0F352DF5000DE5D2;
			remoteInfo = Three20UI;
		};
		D255F6D71382861E00B2682B /* PBXContainerItemProxy */ = {
			isa = PBXContainerItemProxy;
			containerPortal = D255F6CD1382861E00B2682B /* extThree20XML.xcodeproj */;
			proxyType = 2;
			remoteGlobalIDString = BEF31F3A0F352DF5000DE5D2;
			remoteInfo = extThree20XML;
		};
		D255F6D91382861E00B2682B /* PBXContainerItemProxy */ = {
			isa = PBXContainerItemProxy;
			containerPortal = D255F6CD1382861E00B2682B /* extThree20XML.xcodeproj */;
			proxyType = 2;
			remoteGlobalIDString = EB9E6C6210B6A8F800DE563C;
			remoteInfo = extThree20XMLUnitTests;
		};
		D2C5A68D1381A316007566C4 /* PBXContainerItemProxy */ = {
			isa = PBXContainerItemProxy;
			containerPortal = 320D7DCCE32703ACAB9A45E0 /* Three20.xcodeproj */;
			proxyType = 2;
			remoteGlobalIDString = EB9E6C6210B6A8F800DE563C;
			remoteInfo = Three20UnitTests;
		};
		D2C5A6901381A316007566C4 /* PBXContainerItemProxy */ = {
			isa = PBXContainerItemProxy;
			containerPortal = 320A2827FEC940B25BC42C60 /* Three20Core.xcodeproj */;
			proxyType = 2;
			remoteGlobalIDString = EB9E6C6210B6A8F800DE563C;
			remoteInfo = Three20CoreUnitTests;
		};
		D2C5A6931381A317007566C4 /* PBXContainerItemProxy */ = {
			isa = PBXContainerItemProxy;
			containerPortal = 320A5A189C235877202780D0 /* Three20Network.xcodeproj */;
			proxyType = 2;
			remoteGlobalIDString = EB9E6C6210B6A8F800DE563C;
			remoteInfo = Three20NetworkUnitTests;
		};
		D2C5A6961381A317007566C4 /* PBXContainerItemProxy */ = {
			isa = PBXContainerItemProxy;
			containerPortal = 320CC833B8AF0ACFD35E6220 /* Three20Style.xcodeproj */;
			proxyType = 2;
			remoteGlobalIDString = EB9E6C6210B6A8F800DE563C;
			remoteInfo = Three20StyleUnitTests;
		};
		D2C5A6991381A317007566C4 /* PBXContainerItemProxy */ = {
			isa = PBXContainerItemProxy;
			containerPortal = 320F2C48872C2E2C4DF86200 /* Three20UI.xcodeproj */;
			proxyType = 2;
			remoteGlobalIDString = EB9E6C6210B6A8F800DE563C;
			remoteInfo = Three20UIUnitTests;
		};
		D2C5A69C1381A317007566C4 /* PBXContainerItemProxy */ = {
			isa = PBXContainerItemProxy;
			containerPortal = 3201088596B4756681693700 /* Three20UICommon.xcodeproj */;
			proxyType = 2;
			remoteGlobalIDString = EB9E6C6210B6A8F800DE563C;
			remoteInfo = Three20UICommonUnitTests;
		};
		D2C5A69F1381A317007566C4 /* PBXContainerItemProxy */ = {
			isa = PBXContainerItemProxy;
			containerPortal = 320A737074758E53BA54BE90 /* Three20UINavigator.xcodeproj */;
			proxyType = 2;
			remoteGlobalIDString = EB9E6C6210B6A8F800DE563C;
			remoteInfo = Three20UINavigatorUnitTests;
		};
/* End PBXContainerItemProxy section */

/* Begin PBXFileReference section */
		3201088596B4756681693700 /* Three20UICommon.xcodeproj */ = {isa = PBXFileReference; lastKnownFileType = "wrapper.pb-project"; name = Three20UICommon.xcodeproj; path = 3rdparty/three20/src/Three20UICommon/Three20UICommon.xcodeproj; sourceTree = SOURCE_ROOT; };
		320A2827FEC940B25BC42C60 /* Three20Core.xcodeproj */ = {isa = PBXFileReference; lastKnownFileType = "wrapper.pb-project"; name = Three20Core.xcodeproj; path = 3rdparty/three20/src/Three20Core/Three20Core.xcodeproj; sourceTree = SOURCE_ROOT; };
		320A5A189C235877202780D0 /* Three20Network.xcodeproj */ = {isa = PBXFileReference; lastKnownFileType = "wrapper.pb-project"; name = Three20Network.xcodeproj; path = 3rdparty/three20/src/Three20Network/Three20Network.xcodeproj; sourceTree = SOURCE_ROOT; };
		320A737074758E53BA54BE90 /* Three20UINavigator.xcodeproj */ = {isa = PBXFileReference; lastKnownFileType = "wrapper.pb-project"; name = Three20UINavigator.xcodeproj; path = 3rdparty/three20/src/Three20UINavigator/Three20UINavigator.xcodeproj; sourceTree = SOURCE_ROOT; };
		320AF8492C47A4D819F7C450 /* QuartzCore.framework */ = {isa = PBXFileReference; lastKnownFileType = wrapper.framework; name = QuartzCore.framework; path = System/Library/Frameworks/QuartzCore.framework; sourceTree = SDKROOT; };
		320B6C86F11D9990244A9730 /* Three20.bundle */ = {isa = PBXFileReference; lastKnownFileType = "wrapper.plug-in"; name = Three20.bundle; path = 3rdparty/three20/src/Three20.bundle; sourceTree = SOURCE_ROOT; };
		320CC833B8AF0ACFD35E6220 /* Three20Style.xcodeproj */ = {isa = PBXFileReference; lastKnownFileType = "wrapper.pb-project"; name = Three20Style.xcodeproj; path = 3rdparty/three20/src/Three20Style/Three20Style.xcodeproj; sourceTree = SOURCE_ROOT; };
		320D7DCCE32703ACAB9A45E0 /* Three20.xcodeproj */ = {isa = PBXFileReference; lastKnownFileType = "wrapper.pb-project"; name = Three20.xcodeproj; path = 3rdparty/three20/src/Three20/Three20.xcodeproj; sourceTree = SOURCE_ROOT; };
		320F2C48872C2E2C4DF86200 /* Three20UI.xcodeproj */ = {isa = PBXFileReference; lastKnownFileType = "wrapper.pb-project"; name = Three20UI.xcodeproj; path = 3rdparty/three20/src/Three20UI/Three20UI.xcodeproj; sourceTree = SOURCE_ROOT; };
		D22AFB2D138269FE005AACFE /* BLStylesheet.h */ = {isa = PBXFileReference; fileEncoding = 4; lastKnownFileType = sourcecode.c.h; name = BLStylesheet.h; path = Classes/BLStylesheet.h; sourceTree = "<group>"; };
		D22AFB2E138269FE005AACFE /* BLStylesheet.m */ = {isa = PBXFileReference; fileEncoding = 4; lastKnownFileType = sourcecode.c.objc; name = BLStylesheet.m; path = Classes/BLStylesheet.m; sourceTree = "<group>"; };
		D22AFB301382739C005AACFE /* centerbuttonon.png */ = {isa = PBXFileReference; lastKnownFileType = image.png; path = centerbuttonon.png; sourceTree = "<group>"; };
		D22AFB311382739C005AACFE /* centerbuttonon@2x.png */ = {isa = PBXFileReference; lastKnownFileType = image.png; path = "centerbuttonon@2x.png"; sourceTree = "<group>"; };
		D22AFB341382754A005AACFE /* ix.png */ = {isa = PBXFileReference; lastKnownFileType = image.png; path = ix.png; sourceTree = "<group>"; };
		D22AFB351382754A005AACFE /* ix@2x.png */ = {isa = PBXFileReference; lastKnownFileType = image.png; path = "ix@2x.png"; sourceTree = "<group>"; };
		D22AFB381382760F005AACFE /* idroid.png */ = {isa = PBXFileReference; lastKnownFileType = image.png; path = idroid.png; sourceTree = "<group>"; };
		D22AFB391382760F005AACFE /* idroid@2x.png */ = {isa = PBXFileReference; lastKnownFileType = image.png; path = "idroid@2x.png"; sourceTree = "<group>"; };
		D22AFB3C1382817C005AACFE /* 158-wrench-2.png */ = {isa = PBXFileReference; lastKnownFileType = image.png; path = "158-wrench-2.png"; sourceTree = "<group>"; };
		D22AFB3D1382817C005AACFE /* 158-wrench-2@2x.png */ = {isa = PBXFileReference; lastKnownFileType = image.png; path = "158-wrench-2@2x.png"; sourceTree = "<group>"; };
		D22AFB41138282BF005AACFE /* FeedModel.h */ = {isa = PBXFileReference; fileEncoding = 4; lastKnownFileType = sourcecode.c.h; path = FeedModel.h; sourceTree = "<group>"; };
		D22AFB42138282BF005AACFE /* FeedModel.m */ = {isa = PBXFileReference; fileEncoding = 4; lastKnownFileType = sourcecode.c.objc; path = FeedModel.m; sourceTree = "<group>"; };
		D22AFB451382831C005AACFE /* FeedItem.h */ = {isa = PBXFileReference; fileEncoding = 4; lastKnownFileType = sourcecode.c.h; path = FeedItem.h; sourceTree = "<group>"; };
		D22AFB461382831C005AACFE /* FeedItem.m */ = {isa = PBXFileReference; fileEncoding = 4; lastKnownFileType = sourcecode.c.objc; path = FeedItem.m; sourceTree = "<group>"; };
		D22AFB4913828339005AACFE /* NewsDataSource.h */ = {isa = PBXFileReference; fileEncoding = 4; lastKnownFileType = sourcecode.c.h; path = NewsDataSource.h; sourceTree = "<group>"; };
		D22AFB4A13828339005AACFE /* NewsDataSource.m */ = {isa = PBXFileReference; fileEncoding = 4; lastKnownFileType = sourcecode.c.objc; path = NewsDataSource.m; sourceTree = "<group>"; };
		D22AFB4C138283B8005AACFE /* TTTableViewDelegate+URLAdditions.h */ = {isa = PBXFileReference; fileEncoding = 4; lastKnownFileType = sourcecode.c.h; path = "TTTableViewDelegate+URLAdditions.h"; sourceTree = "<group>"; };
		D22AFB4D138283B9005AACFE /* TTTableViewDelegate+URLAdditions.m */ = {isa = PBXFileReference; fileEncoding = 4; lastKnownFileType = sourcecode.c.objc; path = "TTTableViewDelegate+URLAdditions.m"; sourceTree = "<group>"; };
		D23238F01382B67200330569 /* BLWebController.h */ = {isa = PBXFileReference; fileEncoding = 4; lastKnownFileType = sourcecode.c.h; name = BLWebController.h; path = Classes/BLWebController.h; sourceTree = "<group>"; };
		D23238F11382B67200330569 /* BLWebController.m */ = {isa = PBXFileReference; fileEncoding = 4; lastKnownFileType = sourcecode.c.objc; name = BLWebController.m; path = Classes/BLWebController.m; sourceTree = "<group>"; };
		D255F6CD1382861E00B2682B /* extThree20XML.xcodeproj */ = {isa = PBXFileReference; lastKnownFileType = "wrapper.pb-project"; name = extThree20XML.xcodeproj; path = 3rdparty/three20/src/extThree20XML/extThree20XML.xcodeproj; sourceTree = "<group>"; };
		D255F6DB1382863900B2682B /* libextThree20XML.a */ = {isa = PBXFileReference; explicitFileType = archive.ar; path = libextThree20XML.a; sourceTree = SOURCE_ROOT; };
		D261DEDA1381ABC400E70E49 /* TabBarController.h */ = {isa = PBXFileReference; fileEncoding = 4; lastKnownFileType = sourcecode.c.h; name = TabBarController.h; path = Classes/TabBarController.h; sourceTree = "<group>"; };
		D261DEDB1381ABC400E70E49 /* TabBarController.m */ = {isa = PBXFileReference; fileEncoding = 4; lastKnownFileType = sourcecode.c.objc; name = TabBarController.m; path = Classes/TabBarController.m; sourceTree = "<group>"; };
		D261DEF51381AF5600E70E49 /* InstallListController.h */ = {isa = PBXFileReference; fileEncoding = 4; lastKnownFileType = sourcecode.c.h; name = InstallListController.h; path = Classes/InstallListController.h; sourceTree = "<group>"; };
		D261DEF61381AF5600E70E49 /* InstallListController.m */ = {isa = PBXFileReference; fileEncoding = 4; lastKnownFileType = sourcecode.c.objc; name = InstallListController.m; path = Classes/InstallListController.m; sourceTree = "<group>"; };
		D261DEF91381B1EA00E70E49 /* QuickBootController.h */ = {isa = PBXFileReference; fileEncoding = 4; lastKnownFileType = sourcecode.c.h; path = QuickBootController.h; sourceTree = "<group>"; };
		D261DEFA1381B1EA00E70E49 /* QuickBootController.m */ = {isa = PBXFileReference; fileEncoding = 4; lastKnownFileType = sourcecode.c.objc; path = QuickBootController.m; sourceTree = "<group>"; };
		D261DEFD1381B34E00E70E49 /* 191-collection.png */ = {isa = PBXFileReference; lastKnownFileType = image.png; path = "191-collection.png"; sourceTree = "<group>"; };
		D261DEFE1381B34E00E70E49 /* 191-collection@2x.png */ = {isa = PBXFileReference; lastKnownFileType = image.png; path = "191-collection@2x.png"; sourceTree = "<group>"; };
		D261DF0B1381BBB700E70E49 /* SettingsController.h */ = {isa = PBXFileReference; fileEncoding = 4; lastKnownFileType = sourcecode.c.h; path = SettingsController.h; sourceTree = "<group>"; };
		D261DF0C1381BBB700E70E49 /* SettingsController.m */ = {isa = PBXFileReference; fileEncoding = 4; lastKnownFileType = sourcecode.c.objc; path = SettingsController.m; sourceTree = "<group>"; };
		D261DF121381BCF500E70E49 /* centerbutton.png */ = {isa = PBXFileReference; lastKnownFileType = image.png; path = centerbutton.png; sourceTree = "<group>"; };
		D261DF131381BCF500E70E49 /* centerbutton@2x.png */ = {isa = PBXFileReference; lastKnownFileType = image.png; path = "centerbutton@2x.png"; sourceTree = "<group>"; };
		D270EAF21383099E003DC39F /* PackagesDataSource.h */ = {isa = PBXFileReference; fileEncoding = 4; lastKnownFileType = sourcecode.c.h; name = PackagesDataSource.h; path = Classes/PackagesDataSource.h; sourceTree = "<group>"; };
		D270EAF31383099E003DC39F /* PackagesDataSource.m */ = {isa = PBXFileReference; fileEncoding = 4; lastKnownFileType = sourcecode.c.objc; name = PackagesDataSource.m; path = Classes/PackagesDataSource.m; sourceTree = "<group>"; };
		D29E4DA51382C0DA0080CD50 /* BLDeviceType.h */ = {isa = PBXFileReference; fileEncoding = 4; lastKnownFileType = sourcecode.c.h; name = BLDeviceType.h; path = Classes/BLDeviceType.h; sourceTree = "<group>"; };
		D2CD97DB13828C5D0028979F /* FeedItemController.h */ = {isa = PBXFileReference; fileEncoding = 4; lastKnownFileType = sourcecode.c.h; name = FeedItemController.h; path = Classes/FeedItemController.h; sourceTree = "<group>"; };
		D2CD97DC13828C5D0028979F /* FeedItemController.m */ = {isa = PBXFileReference; fileEncoding = 4; lastKnownFileType = sourcecode.c.objc; name = FeedItemController.m; path = Classes/FeedItemController.m; sourceTree = "<group>"; };
		D2F9A2811381A07B00D6CAF8 /* Bootlace.app */ = {isa = PBXFileReference; explicitFileType = wrapper.application; includeInIndex = 0; path = Bootlace.app; sourceTree = BUILT_PRODUCTS_DIR; };
		D2F9A2851381A07B00D6CAF8 /* UIKit.framework */ = {isa = PBXFileReference; lastKnownFileType = wrapper.framework; name = UIKit.framework; path = System/Library/Frameworks/UIKit.framework; sourceTree = SDKROOT; };
		D2F9A2871381A07B00D6CAF8 /* Foundation.framework */ = {isa = PBXFileReference; lastKnownFileType = wrapper.framework; name = Foundation.framework; path = System/Library/Frameworks/Foundation.framework; sourceTree = SDKROOT; };
		D2F9A2891381A07B00D6CAF8 /* CoreGraphics.framework */ = {isa = PBXFileReference; lastKnownFileType = wrapper.framework; name = CoreGraphics.framework; path = System/Library/Frameworks/CoreGraphics.framework; sourceTree = SDKROOT; };
		D2F9A28D1381A07B00D6CAF8 /* Bootlace-Info.plist */ = {isa = PBXFileReference; lastKnownFileType = text.plist.xml; path = "Bootlace-Info.plist"; sourceTree = "<group>"; };
		D2F9A28F1381A07B00D6CAF8 /* en */ = {isa = PBXFileReference; lastKnownFileType = text.plist.strings; name = en; path = en.lproj/InfoPlist.strings; sourceTree = "<group>"; };
		D2F9A2911381A07B00D6CAF8 /* Bootlace-Prefix.pch */ = {isa = PBXFileReference; lastKnownFileType = sourcecode.c.h; path = "Bootlace-Prefix.pch"; sourceTree = "<group>"; };
		D2F9A2921381A07B00D6CAF8 /* main.m */ = {isa = PBXFileReference; lastKnownFileType = sourcecode.c.objc; path = main.m; sourceTree = "<group>"; };
		D2F9A2941381A07B00D6CAF8 /* BootlaceAppDelegate.h */ = {isa = PBXFileReference; lastKnownFileType = sourcecode.c.h; path = BootlaceAppDelegate.h; sourceTree = "<group>"; };
		D2F9A2951381A07B00D6CAF8 /* BootlaceAppDelegate.m */ = {isa = PBXFileReference; lastKnownFileType = sourcecode.c.objc; path = BootlaceAppDelegate.m; sourceTree = "<group>"; };
		D796127F1382AF2A003FA9BA /* SynthesizeSingleton.h */ = {isa = PBXFileReference; fileEncoding = 4; lastKnownFileType = sourcecode.c.h; path = SynthesizeSingleton.h; sourceTree = "<group>"; };
		D7E476D01382ADA3004C0072 /* BLGlobals.h */ = {isa = PBXFileReference; fileEncoding = 4; lastKnownFileType = sourcecode.c.h; path = BLGlobals.h; sourceTree = "<group>"; };
		D7E476D11382ADA3004C0072 /* BLGlobals.m */ = {isa = PBXFileReference; fileEncoding = 4; lastKnownFileType = sourcecode.c.objc; path = BLGlobals.m; sourceTree = "<group>"; };
		D7FB0CE11382BCA00008DA54 /* BLUtilities.h */ = {isa = PBXFileReference; fileEncoding = 4; lastKnownFileType = sourcecode.c.h; path = BLUtilities.h; sourceTree = "<group>"; };
		D7FB0CE21382BCA00008DA54 /* BLUtilities.m */ = {isa = PBXFileReference; fileEncoding = 4; lastKnownFileType = sourcecode.c.objc; path = BLUtilities.m; sourceTree = "<group>"; };
		D7FB0DC01382DB6D0008DA54 /* IOKit */ = {isa = PBXFileReference; lastKnownFileType = "compiled.mach-o.dylib"; name = IOKit; path = ../../../../System/Library/Frameworks/IOKit.framework/Versions/A/IOKit; sourceTree = "<group>"; };
/* End PBXFileReference section */

/* Begin PBXFrameworksBuildPhase section */
		D2F9A27E1381A07B00D6CAF8 /* Frameworks */ = {
			isa = PBXFrameworksBuildPhase;
			buildActionMask = 2147483647;
			files = (
				D7FB0DC11382DB6D0008DA54 /* IOKit in Frameworks */,
				D255F6DC1382863900B2682B /* libextThree20XML.a in Frameworks */,
				3201088596B4756681693705 /* libThree20UICommon.a in Frameworks */,
				320D7DCCE32703ACAB9A45E5 /* libThree20.a in Frameworks */,
				320A737074758E53BA54BE95 /* libThree20UINavigator.a in Frameworks */,
				320A2827FEC940B25BC42C65 /* libThree20Core.a in Frameworks */,
				320F2C48872C2E2C4DF86205 /* libThree20UI.a in Frameworks */,
				320AF8492C47A4D819F7C451 /* QuartzCore.framework in Frameworks */,
				320A5A189C235877202780D5 /* libThree20Network.a in Frameworks */,
				320CC833B8AF0ACFD35E6225 /* libThree20Style.a in Frameworks */,
				D2F9A2861381A07B00D6CAF8 /* UIKit.framework in Frameworks */,
				D2F9A2881381A07B00D6CAF8 /* Foundation.framework in Frameworks */,
				D2F9A28A1381A07B00D6CAF8 /* CoreGraphics.framework in Frameworks */,
			);
			runOnlyForDeploymentPostprocessing = 0;
		};
/* End PBXFrameworksBuildPhase section */

/* Begin PBXGroup section */
		3201088596B4756681693703 /* Products */ = {
			isa = PBXGroup;
			children = (
				3201088596B4756681693704 /* libThree20UICommon.a */,
				D2C5A69D1381A317007566C4 /* UICommonUnitTests.octest */,
			);
			name = Products;
			sourceTree = "<group>";
		};
		320A2827FEC940B25BC42C63 /* Products */ = {
			isa = PBXGroup;
			children = (
				320A2827FEC940B25BC42C64 /* libThree20Core.a */,
				D2C5A6911381A316007566C4 /* CoreUnitTests.octest */,
			);
			name = Products;
			sourceTree = "<group>";
		};
		320A5A189C235877202780D3 /* Products */ = {
			isa = PBXGroup;
			children = (
				320A5A189C235877202780D4 /* libThree20Network.a */,
				D2C5A6941381A317007566C4 /* NetworkUnitTests.octest */,
			);
			name = Products;
			sourceTree = "<group>";
		};
		320A737074758E53BA54BE93 /* Products */ = {
			isa = PBXGroup;
			children = (
				320A737074758E53BA54BE94 /* libThree20UINavigator.a */,
				D2C5A6A01381A317007566C4 /* UINavigatorUnitTests.octest */,
			);
			name = Products;
			sourceTree = "<group>";
		};
		320CC833B8AF0ACFD35E6223 /* Products */ = {
			isa = PBXGroup;
			children = (
				320CC833B8AF0ACFD35E6224 /* libThree20Style.a */,
				D2C5A6971381A317007566C4 /* StyleUnitTests.octest */,
			);
			name = Products;
			sourceTree = "<group>";
		};
		320D7DCCE32703ACAB9A45E3 /* Products */ = {
			isa = PBXGroup;
			children = (
				320D7DCCE32703ACAB9A45E4 /* libThree20.a */,
				D2C5A68E1381A316007566C4 /* Three20UnitTests.octest */,
			);
			name = Products;
			sourceTree = "<group>";
		};
		320F2C48872C2E2C4DF86203 /* Products */ = {
			isa = PBXGroup;
			children = (
				320F2C48872C2E2C4DF86204 /* libThree20UI.a */,
				D2C5A69A1381A317007566C4 /* UIUnitTests.octest */,
			);
			name = Products;
			sourceTree = "<group>";
		};
		D22AFB40138282AB005AACFE /* Models */ = {
			isa = PBXGroup;
			children = (
				D22AFB44138282EB005AACFE /* Items */,
				D22AFB41138282BF005AACFE /* FeedModel.h */,
				D22AFB42138282BF005AACFE /* FeedModel.m */,
			);
			name = Models;
			sourceTree = "<group>";
		};
		D22AFB44138282EB005AACFE /* Items */ = {
			isa = PBXGroup;
			children = (
				D22AFB451382831C005AACFE /* FeedItem.h */,
				D22AFB461382831C005AACFE /* FeedItem.m */,
			);
			name = Items;
			sourceTree = "<group>";
		};
		D22AFB4813828329005AACFE /* Datasources */ = {
			isa = PBXGroup;
			children = (
				D22AFB4913828339005AACFE /* NewsDataSource.h */,
				D22AFB4A13828339005AACFE /* NewsDataSource.m */,
				D270EAF21383099E003DC39F /* PackagesDataSource.h */,
				D270EAF31383099E003DC39F /* PackagesDataSource.m */,
			);
			name = Datasources;
			sourceTree = "<group>";
		};
		D255F6CE1382861E00B2682B /* Products */ = {
			isa = PBXGroup;
			children = (
				D255F6D81382861E00B2682B /* libextThree20XML.a */,
				D255F6DA1382861E00B2682B /* extJSONUnitTests.octest */,
			);
			name = Products;
			sourceTree = "<group>";
		};
		D261DED91381AB6300E70E49 /* UI */ = {
			isa = PBXGroup;
			children = (
				D261DF0A1381BBA400E70E49 /* Settings */,
				D261DEF81381B1D100E70E49 /* QuickBoot */,
				D261DEF41381AEE600E70E49 /* Install and Feeds */,
				D261DEF31381AED800E70E49 /* Common */,
			);
			name = UI;
			sourceTree = "<group>";
		};
		D261DEF31381AED800E70E49 /* Common */ = {
			isa = PBXGroup;
			children = (
				D23238F01382B67200330569 /* BLWebController.h */,
				D23238F11382B67200330569 /* BLWebController.m */,
				D22AFB4C138283B8005AACFE /* TTTableViewDelegate+URLAdditions.h */,
				D22AFB4D138283B9005AACFE /* TTTableViewDelegate+URLAdditions.m */,
				D261DEDA1381ABC400E70E49 /* TabBarController.h */,
				D261DEDB1381ABC400E70E49 /* TabBarController.m */,
				D22AFB2D138269FE005AACFE /* BLStylesheet.h */,
				D22AFB2E138269FE005AACFE /* BLStylesheet.m */,
			);
			name = Common;
			sourceTree = "<group>";
		};
		D261DEF41381AEE600E70E49 /* Install and Feeds */ = {
			isa = PBXGroup;
			children = (
				D261DEF51381AF5600E70E49 /* InstallListController.h */,
				D261DEF61381AF5600E70E49 /* InstallListController.m */,
				D2CD97DB13828C5D0028979F /* FeedItemController.h */,
				D2CD97DC13828C5D0028979F /* FeedItemController.m */,
			);
			name = "Install and Feeds";
			sourceTree = "<group>";
		};
		D261DEF81381B1D100E70E49 /* QuickBoot */ = {
			isa = PBXGroup;
			children = (
				D261DEF91381B1EA00E70E49 /* QuickBootController.h */,
				D261DEFA1381B1EA00E70E49 /* QuickBootController.m */,
			);
			name = QuickBoot;
			sourceTree = "<group>";
		};
		D261DEFC1381B22A00E70E49 /* Icons */ = {
			isa = PBXGroup;
			children = (
				D261DEFD1381B34E00E70E49 /* 191-collection.png */,
				D261DEFE1381B34E00E70E49 /* 191-collection@2x.png */,
			);
			name = Icons;
			sourceTree = "<group>";
		};
		D261DF011381B68400E70E49 /* Graphics */ = {
			isa = PBXGroup;
			children = (
				D22AFB3C1382817C005AACFE /* 158-wrench-2.png */,
				D22AFB3D1382817C005AACFE /* 158-wrench-2@2x.png */,
				D22AFB381382760F005AACFE /* idroid.png */,
				D22AFB391382760F005AACFE /* idroid@2x.png */,
				D22AFB341382754A005AACFE /* ix.png */,
				D22AFB351382754A005AACFE /* ix@2x.png */,
				D22AFB301382739C005AACFE /* centerbuttonon.png */,
				D22AFB311382739C005AACFE /* centerbuttonon@2x.png */,
				D261DF121381BCF500E70E49 /* centerbutton.png */,
				D261DF131381BCF500E70E49 /* centerbutton@2x.png */,
			);
			name = Graphics;
			sourceTree = "<group>";
		};
		D261DF0A1381BBA400E70E49 /* Settings */ = {
			isa = PBXGroup;
			children = (
				D261DF0B1381BBB700E70E49 /* SettingsController.h */,
				D261DF0C1381BBB700E70E49 /* SettingsController.m */,
			);
			name = Settings;
			sourceTree = "<group>";
		};
		D2F9A2761381A07B00D6CAF8 = {
			isa = PBXGroup;
			children = (
				D7FB0DC01382DB6D0008DA54 /* IOKit */,
				D255F6DB1382863900B2682B /* libextThree20XML.a */,
				D2F9A28B1381A07B00D6CAF8 /* Bootlace */,
				D2F9A2841381A07B00D6CAF8 /* Frameworks */,
				D2F9A2821381A07B00D6CAF8 /* Products */,
			);
			sourceTree = "<group>";
		};
		D2F9A2821381A07B00D6CAF8 /* Products */ = {
			isa = PBXGroup;
			children = (
				D2F9A2811381A07B00D6CAF8 /* Bootlace.app */,
			);
			name = Products;
			sourceTree = "<group>";
		};
		D2F9A2841381A07B00D6CAF8 /* Frameworks */ = {
			isa = PBXGroup;
			children = (
				D255F6CD1382861E00B2682B /* extThree20XML.xcodeproj */,
				3201088596B4756681693700 /* Three20UICommon.xcodeproj */,
				320D7DCCE32703ACAB9A45E0 /* Three20.xcodeproj */,
				320A737074758E53BA54BE90 /* Three20UINavigator.xcodeproj */,
				320A2827FEC940B25BC42C60 /* Three20Core.xcodeproj */,
				320F2C48872C2E2C4DF86200 /* Three20UI.xcodeproj */,
				320AF8492C47A4D819F7C450 /* QuartzCore.framework */,
				320A5A189C235877202780D0 /* Three20Network.xcodeproj */,
				320CC833B8AF0ACFD35E6220 /* Three20Style.xcodeproj */,
				D2F9A2851381A07B00D6CAF8 /* UIKit.framework */,
				D2F9A2871381A07B00D6CAF8 /* Foundation.framework */,
				D2F9A2891381A07B00D6CAF8 /* CoreGraphics.framework */,
			);
			name = Frameworks;
			sourceTree = "<group>";
		};
		D2F9A28B1381A07B00D6CAF8 /* Bootlace */ = {
			isa = PBXGroup;
			children = (
				D7FB0CE01382BC7E0008DA54 /* Common */,
				D22AFB4813828329005AACFE /* Datasources */,
				D22AFB40138282AB005AACFE /* Models */,
				D261DED91381AB6300E70E49 /* UI */,
				D2F9A2941381A07B00D6CAF8 /* BootlaceAppDelegate.h */,
				D2F9A2951381A07B00D6CAF8 /* BootlaceAppDelegate.m */,
				D2F9A28C1381A07B00D6CAF8 /* Supporting Files */,
			);
			path = Bootlace;
			sourceTree = "<group>";
		};
		D2F9A28C1381A07B00D6CAF8 /* Supporting Files */ = {
			isa = PBXGroup;
			children = (
				D796127E1382AF2A003FA9BA /* 3rdparty */,
				D261DF011381B68400E70E49 /* Graphics */,
				D261DEFC1381B22A00E70E49 /* Icons */,
				320B6C86F11D9990244A9730 /* Three20.bundle */,
				D2F9A28D1381A07B00D6CAF8 /* Bootlace-Info.plist */,
				D2F9A28E1381A07B00D6CAF8 /* InfoPlist.strings */,
				D2F9A2911381A07B00D6CAF8 /* Bootlace-Prefix.pch */,
				D2F9A2921381A07B00D6CAF8 /* main.m */,
			);
			name = "Supporting Files";
			sourceTree = "<group>";
		};
		D796127E1382AF2A003FA9BA /* 3rdparty */ = {
			isa = PBXGroup;
			children = (
				D796127F1382AF2A003FA9BA /* SynthesizeSingleton.h */,
			);
			path = 3rdparty;
			sourceTree = SOURCE_ROOT;
		};
		D7FB0CE01382BC7E0008DA54 /* Common */ = {
			isa = PBXGroup;
			children = (
				D7E476D01382ADA3004C0072 /* BLGlobals.h */,
				D7E476D11382ADA3004C0072 /* BLGlobals.m */,
				D7FB0CE11382BCA00008DA54 /* BLUtilities.h */,
				D7FB0CE21382BCA00008DA54 /* BLUtilities.m */,
				D29E4DA51382C0DA0080CD50 /* BLDeviceType.h */,
			);
			name = Common;
			sourceTree = "<group>";
		};
/* End PBXGroup section */

/* Begin PBXNativeTarget section */
		D2F9A2801381A07B00D6CAF8 /* Bootlace */ = {
			isa = PBXNativeTarget;
			buildConfigurationList = D2F9A29C1381A07B00D6CAF8 /* Build configuration list for PBXNativeTarget "Bootlace" */;
			buildPhases = (
				D2F9A27D1381A07B00D6CAF8 /* Sources */,
				D2F9A27E1381A07B00D6CAF8 /* Frameworks */,
				D2F9A27F1381A07B00D6CAF8 /* Resources */,
			);
			buildRules = (
			);
			dependencies = (
			);
			name = Bootlace;
			productName = Bootlace;
			productReference = D2F9A2811381A07B00D6CAF8 /* Bootlace.app */;
			productType = "com.apple.product-type.application";
		};
/* End PBXNativeTarget section */

/* Begin PBXProject section */
		D2F9A2781381A07B00D6CAF8 /* Project object */ = {
			isa = PBXProject;
			buildConfigurationList = D2F9A27B1381A07B00D6CAF8 /* Build configuration list for PBXProject "Bootlace" */;
			compatibilityVersion = "Xcode 3.2";
			developmentRegion = English;
			hasScannedForEncodings = 0;
			knownRegions = (
				en,
			);
			mainGroup = D2F9A2761381A07B00D6CAF8;
			productRefGroup = D2F9A2821381A07B00D6CAF8 /* Products */;
			projectDirPath = "";
			projectReferences = (
				{
					ProductGroup = D255F6CE1382861E00B2682B /* Products */;
					ProjectRef = D255F6CD1382861E00B2682B /* extThree20XML.xcodeproj */;
				},
				{
					ProductGroup = 320D7DCCE32703ACAB9A45E3 /* Products */;
					ProjectRef = 320D7DCCE32703ACAB9A45E0 /* Three20.xcodeproj */;
				},
				{
					ProductGroup = 320A2827FEC940B25BC42C63 /* Products */;
					ProjectRef = 320A2827FEC940B25BC42C60 /* Three20Core.xcodeproj */;
				},
				{
					ProductGroup = 320A5A189C235877202780D3 /* Products */;
					ProjectRef = 320A5A189C235877202780D0 /* Three20Network.xcodeproj */;
				},
				{
					ProductGroup = 320CC833B8AF0ACFD35E6223 /* Products */;
					ProjectRef = 320CC833B8AF0ACFD35E6220 /* Three20Style.xcodeproj */;
				},
				{
					ProductGroup = 320F2C48872C2E2C4DF86203 /* Products */;
					ProjectRef = 320F2C48872C2E2C4DF86200 /* Three20UI.xcodeproj */;
				},
				{
					ProductGroup = 3201088596B4756681693703 /* Products */;
					ProjectRef = 3201088596B4756681693700 /* Three20UICommon.xcodeproj */;
				},
				{
					ProductGroup = 320A737074758E53BA54BE93 /* Products */;
					ProjectRef = 320A737074758E53BA54BE90 /* Three20UINavigator.xcodeproj */;
				},
			);
			projectRoot = "";
			targets = (
				D2F9A2801381A07B00D6CAF8 /* Bootlace */,
			);
		};
/* End PBXProject section */

/* Begin PBXReferenceProxy section */
		3201088596B4756681693704 /* libThree20UICommon.a */ = {
			isa = PBXReferenceProxy;
			fileType = archive.ar;
			path = libThree20UICommon.a;
			remoteRef = 3201088596B4756681693706 /* PBXContainerItemProxy */;
			sourceTree = BUILT_PRODUCTS_DIR;
		};
		320A2827FEC940B25BC42C64 /* libThree20Core.a */ = {
			isa = PBXReferenceProxy;
			fileType = archive.ar;
			path = libThree20Core.a;
			remoteRef = 320A2827FEC940B25BC42C66 /* PBXContainerItemProxy */;
			sourceTree = BUILT_PRODUCTS_DIR;
		};
		320A5A189C235877202780D4 /* libThree20Network.a */ = {
			isa = PBXReferenceProxy;
			fileType = archive.ar;
			path = libThree20Network.a;
			remoteRef = 320A5A189C235877202780D6 /* PBXContainerItemProxy */;
			sourceTree = BUILT_PRODUCTS_DIR;
		};
		320A737074758E53BA54BE94 /* libThree20UINavigator.a */ = {
			isa = PBXReferenceProxy;
			fileType = archive.ar;
			path = libThree20UINavigator.a;
			remoteRef = 320A737074758E53BA54BE96 /* PBXContainerItemProxy */;
			sourceTree = BUILT_PRODUCTS_DIR;
		};
		320CC833B8AF0ACFD35E6224 /* libThree20Style.a */ = {
			isa = PBXReferenceProxy;
			fileType = archive.ar;
			path = libThree20Style.a;
			remoteRef = 320CC833B8AF0ACFD35E6226 /* PBXContainerItemProxy */;
			sourceTree = BUILT_PRODUCTS_DIR;
		};
		320D7DCCE32703ACAB9A45E4 /* libThree20.a */ = {
			isa = PBXReferenceProxy;
			fileType = archive.ar;
			path = libThree20.a;
			remoteRef = 320D7DCCE32703ACAB9A45E6 /* PBXContainerItemProxy */;
			sourceTree = BUILT_PRODUCTS_DIR;
		};
		320F2C48872C2E2C4DF86204 /* libThree20UI.a */ = {
			isa = PBXReferenceProxy;
			fileType = archive.ar;
			path = libThree20UI.a;
			remoteRef = 320F2C48872C2E2C4DF86206 /* PBXContainerItemProxy */;
			sourceTree = BUILT_PRODUCTS_DIR;
		};
		D255F6D81382861E00B2682B /* libextThree20XML.a */ = {
			isa = PBXReferenceProxy;
			fileType = archive.ar;
			path = libextThree20XML.a;
			remoteRef = D255F6D71382861E00B2682B /* PBXContainerItemProxy */;
			sourceTree = BUILT_PRODUCTS_DIR;
		};
		D255F6DA1382861E00B2682B /* extJSONUnitTests.octest */ = {
			isa = PBXReferenceProxy;
			fileType = wrapper.cfbundle;
			path = extJSONUnitTests.octest;
			remoteRef = D255F6D91382861E00B2682B /* PBXContainerItemProxy */;
			sourceTree = BUILT_PRODUCTS_DIR;
		};
		D2C5A68E1381A316007566C4 /* Three20UnitTests.octest */ = {
			isa = PBXReferenceProxy;
			fileType = wrapper.cfbundle;
			path = Three20UnitTests.octest;
			remoteRef = D2C5A68D1381A316007566C4 /* PBXContainerItemProxy */;
			sourceTree = BUILT_PRODUCTS_DIR;
		};
		D2C5A6911381A316007566C4 /* CoreUnitTests.octest */ = {
			isa = PBXReferenceProxy;
			fileType = wrapper.cfbundle;
			path = CoreUnitTests.octest;
			remoteRef = D2C5A6901381A316007566C4 /* PBXContainerItemProxy */;
			sourceTree = BUILT_PRODUCTS_DIR;
		};
		D2C5A6941381A317007566C4 /* NetworkUnitTests.octest */ = {
			isa = PBXReferenceProxy;
			fileType = wrapper.cfbundle;
			path = NetworkUnitTests.octest;
			remoteRef = D2C5A6931381A317007566C4 /* PBXContainerItemProxy */;
			sourceTree = BUILT_PRODUCTS_DIR;
		};
		D2C5A6971381A317007566C4 /* StyleUnitTests.octest */ = {
			isa = PBXReferenceProxy;
			fileType = wrapper.cfbundle;
			path = StyleUnitTests.octest;
			remoteRef = D2C5A6961381A317007566C4 /* PBXContainerItemProxy */;
			sourceTree = BUILT_PRODUCTS_DIR;
		};
		D2C5A69A1381A317007566C4 /* UIUnitTests.octest */ = {
			isa = PBXReferenceProxy;
			fileType = wrapper.cfbundle;
			path = UIUnitTests.octest;
			remoteRef = D2C5A6991381A317007566C4 /* PBXContainerItemProxy */;
			sourceTree = BUILT_PRODUCTS_DIR;
		};
		D2C5A69D1381A317007566C4 /* UICommonUnitTests.octest */ = {
			isa = PBXReferenceProxy;
			fileType = wrapper.cfbundle;
			path = UICommonUnitTests.octest;
			remoteRef = D2C5A69C1381A317007566C4 /* PBXContainerItemProxy */;
			sourceTree = BUILT_PRODUCTS_DIR;
		};
		D2C5A6A01381A317007566C4 /* UINavigatorUnitTests.octest */ = {
			isa = PBXReferenceProxy;
			fileType = wrapper.cfbundle;
			path = UINavigatorUnitTests.octest;
			remoteRef = D2C5A69F1381A317007566C4 /* PBXContainerItemProxy */;
			sourceTree = BUILT_PRODUCTS_DIR;
		};
/* End PBXReferenceProxy section */

/* Begin PBXResourcesBuildPhase section */
		D2F9A27F1381A07B00D6CAF8 /* Resources */ = {
			isa = PBXResourcesBuildPhase;
			buildActionMask = 2147483647;
			files = (
				320B6C86F11D9990244A9731 /* Three20.bundle in Resources */,
				D2F9A2901381A07B00D6CAF8 /* InfoPlist.strings in Resources */,
				D261DEFF1381B34E00E70E49 /* 191-collection.png in Resources */,
				D261DF001381B34E00E70E49 /* 191-collection@2x.png in Resources */,
				D261DF141381BCF500E70E49 /* centerbutton.png in Resources */,
				D261DF151381BCF500E70E49 /* centerbutton@2x.png in Resources */,
				D22AFB321382739C005AACFE /* centerbuttonon.png in Resources */,
				D22AFB331382739C005AACFE /* centerbuttonon@2x.png in Resources */,
				D22AFB361382754A005AACFE /* ix.png in Resources */,
				D22AFB371382754A005AACFE /* ix@2x.png in Resources */,
				D22AFB3A1382760F005AACFE /* idroid.png in Resources */,
				D22AFB3B1382760F005AACFE /* idroid@2x.png in Resources */,
				D22AFB3E1382817C005AACFE /* 158-wrench-2.png in Resources */,
				D22AFB3F1382817C005AACFE /* 158-wrench-2@2x.png in Resources */,
			);
			runOnlyForDeploymentPostprocessing = 0;
		};
/* End PBXResourcesBuildPhase section */

/* Begin PBXSourcesBuildPhase section */
		D2F9A27D1381A07B00D6CAF8 /* Sources */ = {
			isa = PBXSourcesBuildPhase;
			buildActionMask = 2147483647;
			files = (
				D2F9A2931381A07B00D6CAF8 /* main.m in Sources */,
				D2F9A2961381A07B00D6CAF8 /* BootlaceAppDelegate.m in Sources */,
				D261DEDC1381ABC400E70E49 /* TabBarController.m in Sources */,
				D261DEF71381AF5600E70E49 /* InstallListController.m in Sources */,
				D261DEFB1381B1EA00E70E49 /* QuickBootController.m in Sources */,
				D261DF0D1381BBB700E70E49 /* SettingsController.m in Sources */,
				D22AFB2F138269FE005AACFE /* BLStylesheet.m in Sources */,
				D22AFB43138282BF005AACFE /* FeedModel.m in Sources */,
				D22AFB471382831C005AACFE /* FeedItem.m in Sources */,
				D22AFB4B13828339005AACFE /* NewsDataSource.m in Sources */,
				D22AFB4E138283B9005AACFE /* TTTableViewDelegate+URLAdditions.m in Sources */,
				D2CD97DD13828C5D0028979F /* FeedItemController.m in Sources */,
				D7E476D21382ADA3004C0072 /* BLGlobals.m in Sources */,
				D23238F21382B67200330569 /* BLWebController.m in Sources */,
				D7FB0CE31382BCA00008DA54 /* BLUtilities.m in Sources */,
				D270EAF41383099E003DC39F /* PackagesDataSource.m in Sources */,
			);
			runOnlyForDeploymentPostprocessing = 0;
		};
/* End PBXSourcesBuildPhase section */

/* Begin PBXVariantGroup section */
		D2F9A28E1381A07B00D6CAF8 /* InfoPlist.strings */ = {
			isa = PBXVariantGroup;
			children = (
				D2F9A28F1381A07B00D6CAF8 /* en */,
			);
			name = InfoPlist.strings;
			sourceTree = "<group>";
		};
/* End PBXVariantGroup section */

/* Begin XCBuildConfiguration section */
		D2F9A29A1381A07B00D6CAF8 /* Debug */ = {
			isa = XCBuildConfiguration;
			buildSettings = {
				ARCHS = "$(ARCHS_STANDARD_32_BIT)";
				"CODE_SIGN_IDENTITY[sdk=iphoneos*]" = "";
				GCC_C_LANGUAGE_STANDARD = gnu99;
				GCC_OPTIMIZATION_LEVEL = 0;
				GCC_PREPROCESSOR_DEFINITIONS = DEBUG;
				GCC_SYMBOLS_PRIVATE_EXTERN = NO;
				GCC_VERSION = com.apple.compilers.llvmgcc42;
				GCC_WARN_ABOUT_RETURN_TYPE = YES;
				GCC_WARN_UNUSED_VARIABLE = YES;
				HEADER_SEARCH_PATHS = (
					"$(BUILT_PRODUCTS_DIR)/../three20",
					"$(BUILT_PRODUCTS_DIR)/../../three20",
					3rdparty/three20/Build/Products/three20,
				);
				IPHONEOS_DEPLOYMENT_TARGET = 4.3;
				OTHER_LDFLAGS = "-ObjC";
				SDKROOT = iphoneos;
			};
			name = Debug;
		};
		D2F9A29B1381A07B00D6CAF8 /* Release */ = {
			isa = XCBuildConfiguration;
			buildSettings = {
				ARCHS = "$(ARCHS_STANDARD_32_BIT)";
				"CODE_SIGN_IDENTITY[sdk=iphoneos*]" = "";
				GCC_C_LANGUAGE_STANDARD = gnu99;
				GCC_VERSION = com.apple.compilers.llvmgcc42;
				GCC_WARN_ABOUT_RETURN_TYPE = YES;
				GCC_WARN_UNUSED_VARIABLE = YES;
				HEADER_SEARCH_PATHS = (
					"$(BUILT_PRODUCTS_DIR)/../three20",
					"$(BUILT_PRODUCTS_DIR)/../../three20",
					3rdparty/three20/Build/Products/three20,
				);
				IPHONEOS_DEPLOYMENT_TARGET = 4.3;
				OTHER_CFLAGS = "-DNS_BLOCK_ASSERTIONS=1";
				OTHER_LDFLAGS = "-ObjC";
				SDKROOT = iphoneos;
			};
			name = Release;
		};
		D2F9A29D1381A07B00D6CAF8 /* Debug */ = {
			isa = XCBuildConfiguration;
			buildSettings = {
				ALWAYS_SEARCH_USER_PATHS = NO;
				COPY_PHASE_STRIP = NO;
				GCC_DYNAMIC_NO_PIC = NO;
				GCC_PRECOMPILE_PREFIX_HEADER = YES;
				GCC_PREFIX_HEADER = "Bootlace/Bootlace-Prefix.pch";
				INFOPLIST_FILE = "Bootlace/Bootlace-Info.plist";
				IPHONEOS_DEPLOYMENT_TARGET = 3.1.3;
				LIBRARY_SEARCH_PATHS = (
					"$(inherited)",
					"\"$(SRCROOT)\"",
					"\"$(SYSTEM_LIBRARY_DIR)/Frameworks/IOKit.framework/Versions/A\"",
				);
				PRODUCT_NAME = "$(TARGET_NAME)";
				WRAPPER_EXTENSION = app;
			};
			name = Debug;
		};
		D2F9A29E1381A07B00D6CAF8 /* Release */ = {
			isa = XCBuildConfiguration;
			buildSettings = {
				ALWAYS_SEARCH_USER_PATHS = NO;
				COPY_PHASE_STRIP = YES;
				GCC_PRECOMPILE_PREFIX_HEADER = YES;
				GCC_PREFIX_HEADER = "Bootlace/Bootlace-Prefix.pch";
				INFOPLIST_FILE = "Bootlace/Bootlace-Info.plist";
				IPHONEOS_DEPLOYMENT_TARGET = 3.1.3;
				LIBRARY_SEARCH_PATHS = (
					"$(inherited)",
					"\"$(SRCROOT)\"",
					"\"$(SYSTEM_LIBRARY_DIR)/Frameworks/IOKit.framework/Versions/A\"",
				);
				PRODUCT_NAME = "$(TARGET_NAME)";
				VALIDATE_PRODUCT = YES;
				WRAPPER_EXTENSION = app;
			};
			name = Release;
		};
/* End XCBuildConfiguration section */

/* Begin XCConfigurationList section */
		D2F9A27B1381A07B00D6CAF8 /* Build configuration list for PBXProject "Bootlace" */ = {
			isa = XCConfigurationList;
			buildConfigurations = (
				D2F9A29A1381A07B00D6CAF8 /* Debug */,
				D2F9A29B1381A07B00D6CAF8 /* Release */,
			);
			defaultConfigurationIsVisible = 0;
			defaultConfigurationName = Release;
		};
		D2F9A29C1381A07B00D6CAF8 /* Build configuration list for PBXNativeTarget "Bootlace" */ = {
			isa = XCConfigurationList;
			buildConfigurations = (
				D2F9A29D1381A07B00D6CAF8 /* Debug */,
				D2F9A29E1381A07B00D6CAF8 /* Release */,
			);
			defaultConfigurationIsVisible = 0;
			defaultConfigurationName = Release;
		};
/* End XCConfigurationList section */
	};
	rootObject = D2F9A2781381A07B00D6CAF8 /* Project object */;
}
